{
  "name": "ALMAS-unificado",
  "lockfileVersion": 3,
  "requires": true,
  "packages": {
    "": {
      "dependencies": {
        "mercadopago": "^3.6.1"
      }
    },
    "node_modules/mercadopago": {
      "version": "3.6.1",
      "resolved": "https://registry.npmjs.org/mercadopago/-/mercadopago-3.6.1.tgz",
      "integrity": "sha512-JFgKCSRHMxkS1p12VMIcpI/Zki739J+5lbpl7PB0O8WHaFl4SFKQnm9paX/gqBQeh211Ozc498D49Fbe3U1jEw==",
      "engines": {
        "node": ">=18"
      }
    }
  }
}
